
Microsoft Visual Studio Solution File, Format Version 12.00
# Visual Studio Version 17
VisualStudioVersion = 17.9.34728.123
MinimumVisualStudioVersion = 10.0.40219.1
Project("{FAE04EC0-301F-11D3-BF4B-00C04F79EFBC}") = "lab_2_3", "lab_2_3.csproj", "{5ED05268-0E02-4DC7-B304-4AEEE7B5E647}"
EndProject
Global
	GlobalSection(SolutionConfigurationPlatforms) = preSolution
		Debug|Any CPU = Debug|Any CPU
		Release|Any CPU = Release|Any CPU
	EndGlobalSection
	GlobalSection(ProjectConfigurationPlatforms) = postSolution
		{5ED05268-0E02-4DC7-B304-4AEEE7B5E647}.Debug|Any CPU.ActiveCfg = Debug|Any CPU
		{5ED05268-0E02-4DC7-B304-4AEEE7B5E647}.Debug|Any CPU.Build.0 = Debug|Any CPU
		{5ED05268-0E02-4DC7-B304-4AEEE7B5E647}.Release|Any CPU.ActiveCfg = Release|Any CPU
		{5ED05268-0E02-4DC7-B304-4AEEE7B5E647}.Release|Any CPU.Build.0 = Release|Any CPU
	EndGlobalSection
	GlobalSection(SolutionProperties) = preSolution
		HideSolutionNode = FALSE
	EndGlobalSection
	GlobalSection(ExtensibilityGlobals) = postSolution
		SolutionGuid = {DE3672C1-1EC1-46EE-8898-8C83EECD7180}
	EndGlobalSection
EndGlobal
